
Microsoft Visual Studio Solution File, Format Version 12.00
# Visual Studio Version 16
VisualStudioVersion = 16.0.32510.428
MinimumVisualStudioVersion = 10.0.40219.1
Project("{FAE04EC0-301F-11D3-BF4B-00C04F79EFBC}") = "EcommerceCartAPI", "EcommerceCartAPI.csproj", "{AA301B90-67D8-4072-867D-CD08A3E54251}"
EndProject
Global
	GlobalSection(SolutionConfigurationPlatforms) = preSolution
		Debug|Any CPU = Debug|Any CPU
		Release|Any CPU = Release|Any CPU
	EndGlobalSection
	GlobalSection(ProjectConfigurationPlatforms) = postSolution
		{AA301B90-67D8-4072-867D-CD08A3E54251}.Debug|Any CPU.ActiveCfg = Debug|Any CPU
		{AA301B90-67D8-4072-867D-CD08A3E54251}.Debug|Any CPU.Build.0 = Debug|Any CPU
		{AA301B90-67D8-4072-867D-CD08A3E54251}.Release|Any CPU.ActiveCfg = Release|Any CPU
		{AA301B90-67D8-4072-867D-CD08A3E54251}.Release|Any CPU.Build.0 = Release|Any CPU
	EndGlobalSection
	GlobalSection(SolutionProperties) = preSolution
		HideSolutionNode = FALSE
	EndGlobalSection
	GlobalSection(ExtensibilityGlobals) = postSolution
		SolutionGuid = {16ADC448-30DE-4294-AA9F-A83547228599}
	EndGlobalSection
EndGlobal
